
Microsoft Visual Studio Solution File, Format Version 12.00
Project("{FAE04EC0-301F-11D3-BF4B-00C04F79EFBC}") = "CardPicker", "CardPicker\CardPicker.csproj", "{B289CCCE-6E35-4B1D-94B9-741F833B2147}"
EndProject
Project("{FAE04EC0-301F-11D3-BF4B-00C04F79EFBC}") = "CashExchange", "CashExchange\CashExchange.csproj", "{C23C3A28-E94F-495A-954A-55A44976BAA0}"
EndProject
Project("{FAE04EC0-301F-11D3-BF4B-00C04F79EFBC}") = "CharacterCreation", "CharacterCreation\CharacterCreation.csproj", "{4E4AA1A9-75A1-476E-AA5F-9817C44310FD}"
EndProject
Project("{FAE04EC0-301F-11D3-BF4B-00C04F79EFBC}") = "Elephants", "Elephants\Elephants.csproj", "{1932CDF5-A327-4376-BBFB-0A8C431E7B39}"
EndProject
Project("{FAE04EC0-301F-11D3-BF4B-00C04F79EFBC}") = "RandomMenu", "RandomMenu\RandomMenu.csproj", "{F6D33A68-48C2-4293-8173-109AA3E018E3}"
EndProject
Project("{FAE04EC0-301F-11D3-BF4B-00C04F79EFBC}") = "SwordDamage", "SwordDamage\SwordDamage.csproj", "{140FED0C-884B-4BF9-A4AF-D7E35A4C1727}"
EndProject
Project("{FAE04EC0-301F-11D3-BF4B-00C04F79EFBC}") = "DamageCalculator", "DamageCalculator\DamageCalculator.csproj", "{0D0CD99A-C799-470F-B174-B741635DBC7F}"
EndProject
Global
	GlobalSection(SolutionConfigurationPlatforms) = preSolution
		Debug|Any CPU = Debug|Any CPU
		Release|Any CPU = Release|Any CPU
	EndGlobalSection
	GlobalSection(ProjectConfigurationPlatforms) = postSolution
		{B289CCCE-6E35-4B1D-94B9-741F833B2147}.Debug|Any CPU.ActiveCfg = Debug|Any CPU
		{B289CCCE-6E35-4B1D-94B9-741F833B2147}.Debug|Any CPU.Build.0 = Debug|Any CPU
		{B289CCCE-6E35-4B1D-94B9-741F833B2147}.Release|Any CPU.ActiveCfg = Release|Any CPU
		{B289CCCE-6E35-4B1D-94B9-741F833B2147}.Release|Any CPU.Build.0 = Release|Any CPU
		{C23C3A28-E94F-495A-954A-55A44976BAA0}.Debug|Any CPU.ActiveCfg = Debug|Any CPU
		{C23C3A28-E94F-495A-954A-55A44976BAA0}.Debug|Any CPU.Build.0 = Debug|Any CPU
		{C23C3A28-E94F-495A-954A-55A44976BAA0}.Release|Any CPU.ActiveCfg = Release|Any CPU
		{C23C3A28-E94F-495A-954A-55A44976BAA0}.Release|Any CPU.Build.0 = Release|Any CPU
		{4E4AA1A9-75A1-476E-AA5F-9817C44310FD}.Debug|Any CPU.ActiveCfg = Debug|Any CPU
		{4E4AA1A9-75A1-476E-AA5F-9817C44310FD}.Debug|Any CPU.Build.0 = Debug|Any CPU
		{4E4AA1A9-75A1-476E-AA5F-9817C44310FD}.Release|Any CPU.ActiveCfg = Release|Any CPU
		{4E4AA1A9-75A1-476E-AA5F-9817C44310FD}.Release|Any CPU.Build.0 = Release|Any CPU
		{1932CDF5-A327-4376-BBFB-0A8C431E7B39}.Debug|Any CPU.ActiveCfg = Debug|Any CPU
		{1932CDF5-A327-4376-BBFB-0A8C431E7B39}.Debug|Any CPU.Build.0 = Debug|Any CPU
		{1932CDF5-A327-4376-BBFB-0A8C431E7B39}.Release|Any CPU.ActiveCfg = Release|Any CPU
		{1932CDF5-A327-4376-BBFB-0A8C431E7B39}.Release|Any CPU.Build.0 = Release|Any CPU
		{F6D33A68-48C2-4293-8173-109AA3E018E3}.Debug|Any CPU.ActiveCfg = Debug|Any CPU
		{F6D33A68-48C2-4293-8173-109AA3E018E3}.Debug|Any CPU.Build.0 = Debug|Any CPU
		{F6D33A68-48C2-4293-8173-109AA3E018E3}.Release|Any CPU.ActiveCfg = Release|Any CPU
		{F6D33A68-48C2-4293-8173-109AA3E018E3}.Release|Any CPU.Build.0 = Release|Any CPU
		{140FED0C-884B-4BF9-A4AF-D7E35A4C1727}.Debug|Any CPU.ActiveCfg = Debug|Any CPU
		{140FED0C-884B-4BF9-A4AF-D7E35A4C1727}.Debug|Any CPU.Build.0 = Debug|Any CPU
		{140FED0C-884B-4BF9-A4AF-D7E35A4C1727}.Release|Any CPU.ActiveCfg = Release|Any CPU
		{140FED0C-884B-4BF9-A4AF-D7E35A4C1727}.Release|Any CPU.Build.0 = Release|Any CPU
		{0D0CD99A-C799-470F-B174-B741635DBC7F}.Debug|Any CPU.ActiveCfg = Debug|Any CPU
		{0D0CD99A-C799-470F-B174-B741635DBC7F}.Debug|Any CPU.Build.0 = Debug|Any CPU
		{0D0CD99A-C799-470F-B174-B741635DBC7F}.Release|Any CPU.ActiveCfg = Release|Any CPU
		{0D0CD99A-C799-470F-B174-B741635DBC7F}.Release|Any CPU.Build.0 = Release|Any CPU
	EndGlobalSection
EndGlobal
